
Microsoft Visual Studio Solution File, Format Version 12.00
# Visual Studio Version 17
VisualStudioVersion = 17.8.34330.188
MinimumVisualStudioVersion = 10.0.40219.1
Project("{9A19103F-16F7-4668-BE54-9A1E7A4F7556}") = "StereoKitInk", "StereoKitInk.csproj", "{563E3D2A-5C5D-48C6-9349-6649C0E408E1}"
EndProject
Project("{FAE04EC0-301F-11D3-BF4B-00C04F79EFBC}") = "StereoKitInk_UWP", "Projects\UWP\StereoKitInk_UWP.csproj", "{3FC8E1CB-F77C-46BE-B16C-580BDCC5FAAD}"
EndProject
Project("{9A19103F-16F7-4668-BE54-9A1E7A4F7556}") = "StereoKitInk_Android", "Projects\Android\StereoKitInk_Android.csproj", "{F4B26F60-7FC4-49F4-9142-D5DEE14B89C9}"
EndProject
Global
	GlobalSection(SolutionConfigurationPlatforms) = preSolution
		Debug|Any CPU = Debug|Any CPU
		Debug|ARM64 = Debug|ARM64
		Debug|x64 = Debug|x64
		Release|Any CPU = Release|Any CPU
		Release|ARM64 = Release|ARM64
		Release|x64 = Release|x64
	EndGlobalSection
	GlobalSection(ProjectConfigurationPlatforms) = postSolution
		{563E3D2A-5C5D-48C6-9349-6649C0E408E1}.Debug|Any CPU.ActiveCfg = Debug|Any CPU
		{563E3D2A-5C5D-48C6-9349-6649C0E408E1}.Debug|Any CPU.Build.0 = Debug|Any CPU
		{563E3D2A-5C5D-48C6-9349-6649C0E408E1}.Debug|ARM64.ActiveCfg = Debug|Any CPU
		{563E3D2A-5C5D-48C6-9349-6649C0E408E1}.Debug|ARM64.Build.0 = Debug|Any CPU
		{563E3D2A-5C5D-48C6-9349-6649C0E408E1}.Debug|x64.ActiveCfg = Debug|Any CPU
		{563E3D2A-5C5D-48C6-9349-6649C0E408E1}.Debug|x64.Build.0 = Debug|Any CPU
		{563E3D2A-5C5D-48C6-9349-6649C0E408E1}.Release|Any CPU.ActiveCfg = Release|Any CPU
		{563E3D2A-5C5D-48C6-9349-6649C0E408E1}.Release|Any CPU.Build.0 = Release|Any CPU
		{563E3D2A-5C5D-48C6-9349-6649C0E408E1}.Release|ARM64.ActiveCfg = Release|Any CPU
		{563E3D2A-5C5D-48C6-9349-6649C0E408E1}.Release|ARM64.Build.0 = Release|Any CPU
		{563E3D2A-5C5D-48C6-9349-6649C0E408E1}.Release|x64.ActiveCfg = Release|Any CPU
		{563E3D2A-5C5D-48C6-9349-6649C0E408E1}.Release|x64.Build.0 = Release|Any CPU
		{3FC8E1CB-F77C-46BE-B16C-580BDCC5FAAD}.Debug|Any CPU.ActiveCfg = Debug|x64
		{3FC8E1CB-F77C-46BE-B16C-580BDCC5FAAD}.Debug|ARM64.ActiveCfg = Debug|ARM64
		{3FC8E1CB-F77C-46BE-B16C-580BDCC5FAAD}.Debug|ARM64.Build.0 = Debug|ARM64
		{3FC8E1CB-F77C-46BE-B16C-580BDCC5FAAD}.Debug|ARM64.Deploy.0 = Debug|ARM64
		{3FC8E1CB-F77C-46BE-B16C-580BDCC5FAAD}.Debug|x64.ActiveCfg = Debug|x64
		{3FC8E1CB-F77C-46BE-B16C-580BDCC5FAAD}.Debug|x64.Build.0 = Debug|x64
		{3FC8E1CB-F77C-46BE-B16C-580BDCC5FAAD}.Debug|x64.Deploy.0 = Debug|x64
		{3FC8E1CB-F77C-46BE-B16C-580BDCC5FAAD}.Release|Any CPU.ActiveCfg = Release|x64
		{3FC8E1CB-F77C-46BE-B16C-580BDCC5FAAD}.Release|ARM64.ActiveCfg = Release|ARM64
		{3FC8E1CB-F77C-46BE-B16C-580BDCC5FAAD}.Release|ARM64.Build.0 = Release|ARM64
		{3FC8E1CB-F77C-46BE-B16C-580BDCC5FAAD}.Release|ARM64.Deploy.0 = Release|ARM64
		{3FC8E1CB-F77C-46BE-B16C-580BDCC5FAAD}.Release|x64.ActiveCfg = Release|x64
		{3FC8E1CB-F77C-46BE-B16C-580BDCC5FAAD}.Release|x64.Build.0 = Release|x64
		{3FC8E1CB-F77C-46BE-B16C-580BDCC5FAAD}.Release|x64.Deploy.0 = Release|x64
		{F4B26F60-7FC4-49F4-9142-D5DEE14B89C9}.Debug|Any CPU.ActiveCfg = Debug|Any CPU
		{F4B26F60-7FC4-49F4-9142-D5DEE14B89C9}.Debug|Any CPU.Build.0 = Debug|Any CPU
		{F4B26F60-7FC4-49F4-9142-D5DEE14B89C9}.Debug|Any CPU.Deploy.0 = Debug|Any CPU
		{F4B26F60-7FC4-49F4-9142-D5DEE14B89C9}.Debug|ARM64.ActiveCfg = Debug|Any CPU
		{F4B26F60-7FC4-49F4-9142-D5DEE14B89C9}.Debug|ARM64.Build.0 = Debug|Any CPU
		{F4B26F60-7FC4-49F4-9142-D5DEE14B89C9}.Debug|ARM64.Deploy.0 = Debug|Any CPU
		{F4B26F60-7FC4-49F4-9142-D5DEE14B89C9}.Debug|x64.ActiveCfg = Debug|Any CPU
		{F4B26F60-7FC4-49F4-9142-D5DEE14B89C9}.Debug|x64.Build.0 = Debug|Any CPU
		{F4B26F60-7FC4-49F4-9142-D5DEE14B89C9}.Debug|x64.Deploy.0 = Debug|Any CPU
		{F4B26F60-7FC4-49F4-9142-D5DEE14B89C9}.Release|Any CPU.ActiveCfg = Release|Any CPU
		{F4B26F60-7FC4-49F4-9142-D5DEE14B89C9}.Release|Any CPU.Build.0 = Release|Any CPU
		{F4B26F60-7FC4-49F4-9142-D5DEE14B89C9}.Release|Any CPU.Deploy.0 = Release|Any CPU
		{F4B26F60-7FC4-49F4-9142-D5DEE14B89C9}.Release|ARM64.ActiveCfg = Release|Any CPU
		{F4B26F60-7FC4-49F4-9142-D5DEE14B89C9}.Release|ARM64.Build.0 = Release|Any CPU
		{F4B26F60-7FC4-49F4-9142-D5DEE14B89C9}.Release|ARM64.Deploy.0 = Release|Any CPU
		{F4B26F60-7FC4-49F4-9142-D5DEE14B89C9}.Release|x64.ActiveCfg = Release|Any CPU
		{F4B26F60-7FC4-49F4-9142-D5DEE14B89C9}.Release|x64.Build.0 = Release|Any CPU
		{F4B26F60-7FC4-49F4-9142-D5DEE14B89C9}.Release|x64.Deploy.0 = Release|Any CPU
	EndGlobalSection
	GlobalSection(SolutionProperties) = preSolution
		HideSolutionNode = FALSE
	EndGlobalSection
	GlobalSection(ExtensibilityGlobals) = postSolution
		SolutionGuid = {600CA87E-77B3-4CA8-BAC1-DFABE213729B}
	EndGlobalSection
EndGlobal
